
Microsoft Visual Studio Solution File, Format Version 12.00
# Visual Studio Version 17
VisualStudioVersion = 17.14.36705.20 d17.14
MinimumVisualStudioVersion = 10.0.40219.1
Project("{FAE04EC0-301F-11D3-BF4B-00C04F79EFBC}") = "xPak.Suite.MSWindows", "xPak.Suite.MSWindows\xPak.Suite.MSWindows.csproj", "{104A2A62-A09F-4077-992B-0EDB41615A54}"
EndProject
Global
	GlobalSection(SolutionConfigurationPlatforms) = preSolution
		Debug|Any CPU = Debug|Any CPU
		Release|Any CPU = Release|Any CPU
	EndGlobalSection
	GlobalSection(ProjectConfigurationPlatforms) = postSolution
		{104A2A62-A09F-4077-992B-0EDB41615A54}.Debug|Any CPU.ActiveCfg = Debug|Any CPU
		{104A2A62-A09F-4077-992B-0EDB41615A54}.Debug|Any CPU.Build.0 = Debug|Any CPU
		{104A2A62-A09F-4077-992B-0EDB41615A54}.Release|Any CPU.ActiveCfg = Release|Any CPU
		{104A2A62-A09F-4077-992B-0EDB41615A54}.Release|Any CPU.Build.0 = Release|Any CPU
	EndGlobalSection
	GlobalSection(SolutionProperties) = preSolution
		HideSolutionNode = FALSE
	EndGlobalSection
	GlobalSection(ExtensibilityGlobals) = postSolution
		SolutionGuid = {AFB44F75-1421-4151-A12A-8FBF6F1A4763}
	EndGlobalSection
EndGlobal
